
Microsoft Visual Studio Solution File, Format Version 12.00
# Visual Studio Version 17
VisualStudioVersion = 17.8.34322.80
MinimumVisualStudioVersion = 10.0.40219.1
Project("{FAE04EC0-301F-11D3-BF4B-00C04F79EFBC}") = "WF.Reflexo", "WF.Reflexo\WF.Reflexo.csproj", "{89E4BB63-F83F-429D-9F09-388FD32DF3B9}"
EndProject
Global
	GlobalSection(SolutionConfigurationPlatforms) = preSolution
		Debug|Any CPU = Debug|Any CPU
		Release|Any CPU = Release|Any CPU
	EndGlobalSection
	GlobalSection(ProjectConfigurationPlatforms) = postSolution
		{89E4BB63-F83F-429D-9F09-388FD32DF3B9}.Debug|Any CPU.ActiveCfg = Debug|Any CPU
		{89E4BB63-F83F-429D-9F09-388FD32DF3B9}.Debug|Any CPU.Build.0 = Debug|Any CPU
		{89E4BB63-F83F-429D-9F09-388FD32DF3B9}.Release|Any CPU.ActiveCfg = Release|Any CPU
		{89E4BB63-F83F-429D-9F09-388FD32DF3B9}.Release|Any CPU.Build.0 = Release|Any CPU
	EndGlobalSection
	GlobalSection(SolutionProperties) = preSolution
		HideSolutionNode = FALSE
	EndGlobalSection
	GlobalSection(ExtensibilityGlobals) = postSolution
		SolutionGuid = {E22D7DCE-0365-41E9-A90F-93116CC412E5}
	EndGlobalSection
EndGlobal
